
Microsoft Visual Studio Solution File, Format Version 12.00
# Visual Studio Version 17
VisualStudioVersion = 17.9.34607.119
MinimumVisualStudioVersion = 10.0.40219.1
Project("{8BC9CEB8-8B4A-11D0-8D11-00A0C91BC942}") = "CISC192_SummitLab_Loops", "CISC192_SummitLab_Loops\CISC192_SummitLab_Loops.vcxproj", "{735194BE-F926-414F-801D-C87A8868AE82}"
EndProject
Global
	GlobalSection(SolutionConfigurationPlatforms) = preSolution
		Debug|x64 = Debug|x64
		Debug|x86 = Debug|x86
		Release|x64 = Release|x64
		Release|x86 = Release|x86
	EndGlobalSection
	GlobalSection(ProjectConfigurationPlatforms) = postSolution
		{735194BE-F926-414F-801D-C87A8868AE82}.Debug|x64.ActiveCfg = Debug|x64
		{735194BE-F926-414F-801D-C87A8868AE82}.Debug|x64.Build.0 = Debug|x64
		{735194BE-F926-414F-801D-C87A8868AE82}.Debug|x86.ActiveCfg = Debug|Win32
		{735194BE-F926-414F-801D-C87A8868AE82}.Debug|x86.Build.0 = Debug|Win32
		{735194BE-F926-414F-801D-C87A8868AE82}.Release|x64.ActiveCfg = Release|x64
		{735194BE-F926-414F-801D-C87A8868AE82}.Release|x64.Build.0 = Release|x64
		{735194BE-F926-414F-801D-C87A8868AE82}.Release|x86.ActiveCfg = Release|Win32
		{735194BE-F926-414F-801D-C87A8868AE82}.Release|x86.Build.0 = Release|Win32
	EndGlobalSection
	GlobalSection(SolutionProperties) = preSolution
		HideSolutionNode = FALSE
	EndGlobalSection
	GlobalSection(ExtensibilityGlobals) = postSolution
		SolutionGuid = {02E063DC-17B1-48EF-AE2C-C0FDE02E638B}
	EndGlobalSection
EndGlobal
